
Microsoft Visual Studio Solution File, Format Version 12.00
# Visual Studio Version 17
VisualStudioVersion = 17.4.33122.133
MinimumVisualStudioVersion = 10.0.40219.1
Project("{9A19103F-16F7-4668-BE54-9A1E7A4F7556}") = "Sprachfeatures", "Sprachfeatures\Sprachfeatures.csproj", "{4CAC153E-82B7-47D0-B931-C3F09E3781D5}"
EndProject
Project("{9A19103F-16F7-4668-BE54-9A1E7A4F7556}") = "TopLevelStatements", "TopLevelStatements\TopLevelStatements.csproj", "{F2CB6748-309E-4B96-9355-BF0DF1E17192}"
EndProject
Project("{9A19103F-16F7-4668-BE54-9A1E7A4F7556}") = "DelegatesEvents", "DelegatesEvents\DelegatesEvents.csproj", "{2C0F26DE-027B-4792-BF42-59DC95E3E19D}"
EndProject
Project("{9A19103F-16F7-4668-BE54-9A1E7A4F7556}") = "Generics", "Generics\Generics.csproj", "{9C818AE9-8F47-4703-8A3D-54F635335AA7}"
EndProject
Project("{9A19103F-16F7-4668-BE54-9A1E7A4F7556}") = "Serialisierung", "Serialisierung\Serialisierung.csproj", "{FCD9BE99-1EEE-47E8-AD97-40B7EBAD13C4}"
EndProject
Project("{9A19103F-16F7-4668-BE54-9A1E7A4F7556}") = "Multithreading", "Multithreading\Multithreading.csproj", "{041B6F71-EB47-46D0-BD3C-4B848E652714}"
EndProject
Project("{9A19103F-16F7-4668-BE54-9A1E7A4F7556}") = "Multitasking", "Multitasking\Multitasking.csproj", "{5EC1CE21-E25A-4CCA-A83D-18FFD99B1B91}"
EndProject
Project("{9A19103F-16F7-4668-BE54-9A1E7A4F7556}") = "AsyncAwait", "AsyncAwait\AsyncAwait.csproj", "{3DFEC921-261F-433A-8CE3-924B1DDBB99F}"
EndProject
Project("{9A19103F-16F7-4668-BE54-9A1E7A4F7556}") = "AsyncAwaitWPF", "AsyncAwaitWPF\AsyncAwaitWPF.csproj", "{3011B98A-8A89-4317-BA94-51D6EE12AEA3}"
EndProject
Project("{FAE04EC0-301F-11D3-BF4B-00C04F79EFBC}") = "LinqErweiterungsmethoden", "LinqErweiterungsmethoden\LinqErweiterungsmethoden.csproj", "{F06CC53A-9CA9-4582-8021-CD51FE78BF83}"
EndProject
Project("{FAE04EC0-301F-11D3-BF4B-00C04F79EFBC}") = "Reflection", "Reflection\Reflection.csproj", "{A4077CB4-162C-4EBD-874A-E6F72A83715F}"
EndProject
Project("{FAE04EC0-301F-11D3-BF4B-00C04F79EFBC}") = "PluginBase", "PluginBase\PluginBase.csproj", "{B5A1BC85-C118-4005-AC3E-7E27B68DA98C}"
EndProject
Project("{FAE04EC0-301F-11D3-BF4B-00C04F79EFBC}") = "Plugin", "Plugin\Plugin.csproj", "{36D51F65-B0B6-4EC8-B2CC-80CF03865792}"
EndProject
Project("{FAE04EC0-301F-11D3-BF4B-00C04F79EFBC}") = "PluginClient", "PluginClient\PluginClient.csproj", "{155A9CAB-174A-4CA0-A3DF-C515553D81DC}"
EndProject
Project("{FAE04EC0-301F-11D3-BF4B-00C04F79EFBC}") = "Sonstiges", "Sonstiges\Sonstiges.csproj", "{DA0AF87A-4D58-4FEA-ABB2-4BC41C66D408}"
EndProject
Project("{FAE04EC0-301F-11D3-BF4B-00C04F79EFBC}") = "Benchmarks", "Benchmarks\Benchmarks.csproj", "{BEF7B8F4-6205-4C0E-8775-62A8270664E8}"
EndProject
Global
	GlobalSection(SolutionConfigurationPlatforms) = preSolution
		Debug|Any CPU = Debug|Any CPU
		Release|Any CPU = Release|Any CPU
	EndGlobalSection
	GlobalSection(ProjectConfigurationPlatforms) = postSolution
		{4CAC153E-82B7-47D0-B931-C3F09E3781D5}.Debug|Any CPU.ActiveCfg = Debug|Any CPU
		{4CAC153E-82B7-47D0-B931-C3F09E3781D5}.Debug|Any CPU.Build.0 = Debug|Any CPU
		{4CAC153E-82B7-47D0-B931-C3F09E3781D5}.Release|Any CPU.ActiveCfg = Release|Any CPU
		{4CAC153E-82B7-47D0-B931-C3F09E3781D5}.Release|Any CPU.Build.0 = Release|Any CPU
		{F2CB6748-309E-4B96-9355-BF0DF1E17192}.Debug|Any CPU.ActiveCfg = Debug|Any CPU
		{F2CB6748-309E-4B96-9355-BF0DF1E17192}.Debug|Any CPU.Build.0 = Debug|Any CPU
		{F2CB6748-309E-4B96-9355-BF0DF1E17192}.Release|Any CPU.ActiveCfg = Release|Any CPU
		{F2CB6748-309E-4B96-9355-BF0DF1E17192}.Release|Any CPU.Build.0 = Release|Any CPU
		{2C0F26DE-027B-4792-BF42-59DC95E3E19D}.Debug|Any CPU.ActiveCfg = Debug|Any CPU
		{2C0F26DE-027B-4792-BF42-59DC95E3E19D}.Debug|Any CPU.Build.0 = Debug|Any CPU
		{2C0F26DE-027B-4792-BF42-59DC95E3E19D}.Release|Any CPU.ActiveCfg = Release|Any CPU
		{2C0F26DE-027B-4792-BF42-59DC95E3E19D}.Release|Any CPU.Build.0 = Release|Any CPU
		{9C818AE9-8F47-4703-8A3D-54F635335AA7}.Debug|Any CPU.ActiveCfg = Debug|Any CPU
		{9C818AE9-8F47-4703-8A3D-54F635335AA7}.Debug|Any CPU.Build.0 = Debug|Any CPU
		{9C818AE9-8F47-4703-8A3D-54F635335AA7}.Release|Any CPU.ActiveCfg = Release|Any CPU
		{9C818AE9-8F47-4703-8A3D-54F635335AA7}.Release|Any CPU.Build.0 = Release|Any CPU
		{FCD9BE99-1EEE-47E8-AD97-40B7EBAD13C4}.Debug|Any CPU.ActiveCfg = Debug|Any CPU
		{FCD9BE99-1EEE-47E8-AD97-40B7EBAD13C4}.Debug|Any CPU.Build.0 = Debug|Any CPU
		{FCD9BE99-1EEE-47E8-AD97-40B7EBAD13C4}.Release|Any CPU.ActiveCfg = Release|Any CPU
		{FCD9BE99-1EEE-47E8-AD97-40B7EBAD13C4}.Release|Any CPU.Build.0 = Release|Any CPU
		{041B6F71-EB47-46D0-BD3C-4B848E652714}.Debug|Any CPU.ActiveCfg = Debug|Any CPU
		{041B6F71-EB47-46D0-BD3C-4B848E652714}.Debug|Any CPU.Build.0 = Debug|Any CPU
		{041B6F71-EB47-46D0-BD3C-4B848E652714}.Release|Any CPU.ActiveCfg = Release|Any CPU
		{041B6F71-EB47-46D0-BD3C-4B848E652714}.Release|Any CPU.Build.0 = Release|Any CPU
		{5EC1CE21-E25A-4CCA-A83D-18FFD99B1B91}.Debug|Any CPU.ActiveCfg = Debug|Any CPU
		{5EC1CE21-E25A-4CCA-A83D-18FFD99B1B91}.Debug|Any CPU.Build.0 = Debug|Any CPU
		{5EC1CE21-E25A-4CCA-A83D-18FFD99B1B91}.Release|Any CPU.ActiveCfg = Release|Any CPU
		{5EC1CE21-E25A-4CCA-A83D-18FFD99B1B91}.Release|Any CPU.Build.0 = Release|Any CPU
		{3DFEC921-261F-433A-8CE3-924B1DDBB99F}.Debug|Any CPU.ActiveCfg = Debug|Any CPU
		{3DFEC921-261F-433A-8CE3-924B1DDBB99F}.Debug|Any CPU.Build.0 = Debug|Any CPU
		{3DFEC921-261F-433A-8CE3-924B1DDBB99F}.Release|Any CPU.ActiveCfg = Release|Any CPU
		{3DFEC921-261F-433A-8CE3-924B1DDBB99F}.Release|Any CPU.Build.0 = Release|Any CPU
		{3011B98A-8A89-4317-BA94-51D6EE12AEA3}.Debug|Any CPU.ActiveCfg = Debug|Any CPU
		{3011B98A-8A89-4317-BA94-51D6EE12AEA3}.Debug|Any CPU.Build.0 = Debug|Any CPU
		{3011B98A-8A89-4317-BA94-51D6EE12AEA3}.Release|Any CPU.ActiveCfg = Release|Any CPU
		{3011B98A-8A89-4317-BA94-51D6EE12AEA3}.Release|Any CPU.Build.0 = Release|Any CPU
		{F06CC53A-9CA9-4582-8021-CD51FE78BF83}.Debug|Any CPU.ActiveCfg = Debug|Any CPU
		{F06CC53A-9CA9-4582-8021-CD51FE78BF83}.Debug|Any CPU.Build.0 = Debug|Any CPU
		{F06CC53A-9CA9-4582-8021-CD51FE78BF83}.Release|Any CPU.ActiveCfg = Release|Any CPU
		{F06CC53A-9CA9-4582-8021-CD51FE78BF83}.Release|Any CPU.Build.0 = Release|Any CPU
		{A4077CB4-162C-4EBD-874A-E6F72A83715F}.Debug|Any CPU.ActiveCfg = Debug|Any CPU
		{A4077CB4-162C-4EBD-874A-E6F72A83715F}.Debug|Any CPU.Build.0 = Debug|Any CPU
		{A4077CB4-162C-4EBD-874A-E6F72A83715F}.Release|Any CPU.ActiveCfg = Release|Any CPU
		{A4077CB4-162C-4EBD-874A-E6F72A83715F}.Release|Any CPU.Build.0 = Release|Any CPU
		{B5A1BC85-C118-4005-AC3E-7E27B68DA98C}.Debug|Any CPU.ActiveCfg = Debug|Any CPU
		{B5A1BC85-C118-4005-AC3E-7E27B68DA98C}.Debug|Any CPU.Build.0 = Debug|Any CPU
		{B5A1BC85-C118-4005-AC3E-7E27B68DA98C}.Release|Any CPU.ActiveCfg = Release|Any CPU
		{B5A1BC85-C118-4005-AC3E-7E27B68DA98C}.Release|Any CPU.Build.0 = Release|Any CPU
		{36D51F65-B0B6-4EC8-B2CC-80CF03865792}.Debug|Any CPU.ActiveCfg = Debug|Any CPU
		{36D51F65-B0B6-4EC8-B2CC-80CF03865792}.Debug|Any CPU.Build.0 = Debug|Any CPU
		{36D51F65-B0B6-4EC8-B2CC-80CF03865792}.Release|Any CPU.ActiveCfg = Release|Any CPU
		{36D51F65-B0B6-4EC8-B2CC-80CF03865792}.Release|Any CPU.Build.0 = Release|Any CPU
		{155A9CAB-174A-4CA0-A3DF-C515553D81DC}.Debug|Any CPU.ActiveCfg = Debug|Any CPU
		{155A9CAB-174A-4CA0-A3DF-C515553D81DC}.Debug|Any CPU.Build.0 = Debug|Any CPU
		{155A9CAB-174A-4CA0-A3DF-C515553D81DC}.Release|Any CPU.ActiveCfg = Release|Any CPU
		{155A9CAB-174A-4CA0-A3DF-C515553D81DC}.Release|Any CPU.Build.0 = Release|Any CPU
		{DA0AF87A-4D58-4FEA-ABB2-4BC41C66D408}.Debug|Any CPU.ActiveCfg = Debug|Any CPU
		{DA0AF87A-4D58-4FEA-ABB2-4BC41C66D408}.Debug|Any CPU.Build.0 = Debug|Any CPU
		{DA0AF87A-4D58-4FEA-ABB2-4BC41C66D408}.Release|Any CPU.ActiveCfg = Release|Any CPU
		{DA0AF87A-4D58-4FEA-ABB2-4BC41C66D408}.Release|Any CPU.Build.0 = Release|Any CPU
		{BEF7B8F4-6205-4C0E-8775-62A8270664E8}.Debug|Any CPU.ActiveCfg = Debug|Any CPU
		{BEF7B8F4-6205-4C0E-8775-62A8270664E8}.Debug|Any CPU.Build.0 = Debug|Any CPU
		{BEF7B8F4-6205-4C0E-8775-62A8270664E8}.Release|Any CPU.ActiveCfg = Release|Any CPU
		{BEF7B8F4-6205-4C0E-8775-62A8270664E8}.Release|Any CPU.Build.0 = Release|Any CPU
	EndGlobalSection
	GlobalSection(SolutionProperties) = preSolution
		HideSolutionNode = FALSE
	EndGlobalSection
	GlobalSection(ExtensibilityGlobals) = postSolution
		SolutionGuid = {C24D8089-C661-4E01-9757-18AE11CCB2CD}
	EndGlobalSection
EndGlobal
