
Microsoft Visual Studio Solution File, Format Version 12.00
# Visual Studio Version 17
VisualStudioVersion = 17.4.33122.133
MinimumVisualStudioVersion = 10.0.40219.1
Project("{9A19103F-16F7-4668-BE54-9A1E7A4F7556}") = "Sprachfeatures", "Sprachfeatures\Sprachfeatures.csproj", "{4CAC153E-82B7-47D0-B931-C3F09E3781D5}"
EndProject
Project("{9A19103F-16F7-4668-BE54-9A1E7A4F7556}") = "TopLevelStatements", "TopLevelStatements\TopLevelStatements.csproj", "{F2CB6748-309E-4B96-9355-BF0DF1E17192}"
EndProject
Project("{9A19103F-16F7-4668-BE54-9A1E7A4F7556}") = "DelegatesEvents", "DelegatesEvents\DelegatesEvents.csproj", "{2C0F26DE-027B-4792-BF42-59DC95E3E19D}"
EndProject
Project("{9A19103F-16F7-4668-BE54-9A1E7A4F7556}") = "Generics", "Generics\Generics.csproj", "{9C818AE9-8F47-4703-8A3D-54F635335AA7}"
EndProject
Project("{9A19103F-16F7-4668-BE54-9A1E7A4F7556}") = "Serialisierung", "Serialisierung\Serialisierung.csproj", "{FCD9BE99-1EEE-47E8-AD97-40B7EBAD13C4}"
EndProject
Project("{9A19103F-16F7-4668-BE54-9A1E7A4F7556}") = "Multithreading", "Multithreading\Multithreading.csproj", "{041B6F71-EB47-46D0-BD3C-4B848E652714}"
EndProject
Project("{FAE04EC0-301F-11D3-BF4B-00C04F79EFBC}") = "Multitasking", "Multitasking\Multitasking.csproj", "{5EC1CE21-E25A-4CCA-A83D-18FFD99B1B91}"
EndProject
Global
	GlobalSection(SolutionConfigurationPlatforms) = preSolution
		Debug|Any CPU = Debug|Any CPU
		Release|Any CPU = Release|Any CPU
	EndGlobalSection
	GlobalSection(ProjectConfigurationPlatforms) = postSolution
		{4CAC153E-82B7-47D0-B931-C3F09E3781D5}.Debug|Any CPU.ActiveCfg = Debug|Any CPU
		{4CAC153E-82B7-47D0-B931-C3F09E3781D5}.Debug|Any CPU.Build.0 = Debug|Any CPU
		{4CAC153E-82B7-47D0-B931-C3F09E3781D5}.Release|Any CPU.ActiveCfg = Release|Any CPU
		{4CAC153E-82B7-47D0-B931-C3F09E3781D5}.Release|Any CPU.Build.0 = Release|Any CPU
		{F2CB6748-309E-4B96-9355-BF0DF1E17192}.Debug|Any CPU.ActiveCfg = Debug|Any CPU
		{F2CB6748-309E-4B96-9355-BF0DF1E17192}.Debug|Any CPU.Build.0 = Debug|Any CPU
		{F2CB6748-309E-4B96-9355-BF0DF1E17192}.Release|Any CPU.ActiveCfg = Release|Any CPU
		{F2CB6748-309E-4B96-9355-BF0DF1E17192}.Release|Any CPU.Build.0 = Release|Any CPU
		{2C0F26DE-027B-4792-BF42-59DC95E3E19D}.Debug|Any CPU.ActiveCfg = Debug|Any CPU
		{2C0F26DE-027B-4792-BF42-59DC95E3E19D}.Debug|Any CPU.Build.0 = Debug|Any CPU
		{2C0F26DE-027B-4792-BF42-59DC95E3E19D}.Release|Any CPU.ActiveCfg = Release|Any CPU
		{2C0F26DE-027B-4792-BF42-59DC95E3E19D}.Release|Any CPU.Build.0 = Release|Any CPU
		{9C818AE9-8F47-4703-8A3D-54F635335AA7}.Debug|Any CPU.ActiveCfg = Debug|Any CPU
		{9C818AE9-8F47-4703-8A3D-54F635335AA7}.Debug|Any CPU.Build.0 = Debug|Any CPU
		{9C818AE9-8F47-4703-8A3D-54F635335AA7}.Release|Any CPU.ActiveCfg = Release|Any CPU
		{9C818AE9-8F47-4703-8A3D-54F635335AA7}.Release|Any CPU.Build.0 = Release|Any CPU
		{FCD9BE99-1EEE-47E8-AD97-40B7EBAD13C4}.Debug|Any CPU.ActiveCfg = Debug|Any CPU
		{FCD9BE99-1EEE-47E8-AD97-40B7EBAD13C4}.Debug|Any CPU.Build.0 = Debug|Any CPU
		{FCD9BE99-1EEE-47E8-AD97-40B7EBAD13C4}.Release|Any CPU.ActiveCfg = Release|Any CPU
		{FCD9BE99-1EEE-47E8-AD97-40B7EBAD13C4}.Release|Any CPU.Build.0 = Release|Any CPU
		{041B6F71-EB47-46D0-BD3C-4B848E652714}.Debug|Any CPU.ActiveCfg = Debug|Any CPU
		{041B6F71-EB47-46D0-BD3C-4B848E652714}.Debug|Any CPU.Build.0 = Debug|Any CPU
		{041B6F71-EB47-46D0-BD3C-4B848E652714}.Release|Any CPU.ActiveCfg = Release|Any CPU
		{041B6F71-EB47-46D0-BD3C-4B848E652714}.Release|Any CPU.Build.0 = Release|Any CPU
		{5EC1CE21-E25A-4CCA-A83D-18FFD99B1B91}.Debug|Any CPU.ActiveCfg = Debug|Any CPU
		{5EC1CE21-E25A-4CCA-A83D-18FFD99B1B91}.Debug|Any CPU.Build.0 = Debug|Any CPU
		{5EC1CE21-E25A-4CCA-A83D-18FFD99B1B91}.Release|Any CPU.ActiveCfg = Release|Any CPU
		{5EC1CE21-E25A-4CCA-A83D-18FFD99B1B91}.Release|Any CPU.Build.0 = Release|Any CPU
	EndGlobalSection
	GlobalSection(SolutionProperties) = preSolution
		HideSolutionNode = FALSE
	EndGlobalSection
	GlobalSection(ExtensibilityGlobals) = postSolution
		SolutionGuid = {C24D8089-C661-4E01-9757-18AE11CCB2CD}
	EndGlobalSection
EndGlobal
