
Microsoft Visual Studio Solution File, Format Version 12.00
# Visual Studio Version 17
VisualStudioVersion = 17.4.33122.133
MinimumVisualStudioVersion = 10.0.40219.1
Project("{FAE04EC0-301F-11D3-BF4B-00C04F79EFBC}") = "Sprachfeatures", "Sprachfeatures\Sprachfeatures.csproj", "{4CAC153E-82B7-47D0-B931-C3F09E3781D5}"
EndProject
Global
	GlobalSection(SolutionConfigurationPlatforms) = preSolution
		Debug|Any CPU = Debug|Any CPU
		Release|Any CPU = Release|Any CPU
	EndGlobalSection
	GlobalSection(ProjectConfigurationPlatforms) = postSolution
		{4CAC153E-82B7-47D0-B931-C3F09E3781D5}.Debug|Any CPU.ActiveCfg = Debug|Any CPU
		{4CAC153E-82B7-47D0-B931-C3F09E3781D5}.Debug|Any CPU.Build.0 = Debug|Any CPU
		{4CAC153E-82B7-47D0-B931-C3F09E3781D5}.Release|Any CPU.ActiveCfg = Release|Any CPU
		{4CAC153E-82B7-47D0-B931-C3F09E3781D5}.Release|Any CPU.Build.0 = Release|Any CPU
	EndGlobalSection
	GlobalSection(SolutionProperties) = preSolution
		HideSolutionNode = FALSE
	EndGlobalSection
	GlobalSection(ExtensibilityGlobals) = postSolution
		SolutionGuid = {C24D8089-C661-4E01-9757-18AE11CCB2CD}
	EndGlobalSection
EndGlobal
